// !$*UTF8*$!
{
	archiveVersion = 1;
	classes = {
	};
	objectVersion = 50;
	objects = {

/* Begin PBXBuildFile section */
		4A5F709120B7D61700CFE35A /* AppDelegate.swift in Sources */ = {isa = PBXBuildFile; fileRef = 4A5F709020B7D61700CFE35A /* AppDelegate.swift */; };
		4A5F709620B7D61700CFE35A /* Main.storyboard in Resources */ = {isa = PBXBuildFile; fileRef = 4A5F709420B7D61700CFE35A /* Main.storyboard */; };
		4A5F709820B7D61800CFE35A /* Assets.xcassets in Resources */ = {isa = PBXBuildFile; fileRef = 4A5F709720B7D61800CFE35A /* Assets.xcassets */; };
		4A5F709B20B7D61800CFE35A /* LaunchScreen.storyboard in Resources */ = {isa = PBXBuildFile; fileRef = 4A5F709920B7D61800CFE35A /* LaunchScreen.storyboard */; };
		4A5F70A420B7DAA400CFE35A /* CurrentWeather.swift in Sources */ = {isa = PBXBuildFile; fileRef = 4A5F70A320B7DAA400CFE35A /* CurrentWeather.swift */; };
		4A5F70A620B7DE7400CFE35A /* Weather.swift in Sources */ = {isa = PBXBuildFile; fileRef = 4A5F70A520B7DE7400CFE35A /* Weather.swift */; };
		4A5F70A820B7DE9500CFE35A /* MainInfo.swift in Sources */ = {isa = PBXBuildFile; fileRef = 4A5F70A720B7DE9500CFE35A /* MainInfo.swift */; };
		4A5F70AA20B7DEC100CFE35A /* Wind.swift in Sources */ = {isa = PBXBuildFile; fileRef = 4A5F70A920B7DEC100CFE35A /* Wind.swift */; };
		4A5F70AC20B7E01E00CFE35A /* WeeklyWeather.swift in Sources */ = {isa = PBXBuildFile; fileRef = 4A5F70AB20B7E01E00CFE35A /* WeeklyWeather.swift */; };
		4A5F70AF20B93FA800CFE35A /* ForecastApi.swift in Sources */ = {isa = PBXBuildFile; fileRef = 4A5F70AE20B93FA800CFE35A /* ForecastApi.swift */; };
		4A5F70B120B944A300CFE35A /* NetworkManager.swift in Sources */ = {isa = PBXBuildFile; fileRef = 4A5F70B020B944A300CFE35A /* NetworkManager.swift */; };
		4A5F70B320B94A7000CFE35A /* Current.json in Resources */ = {isa = PBXBuildFile; fileRef = 4A5F70B220B94A7000CFE35A /* Current.json */; };
		4A5F70B620B94B2200CFE35A /* Weekly.json in Resources */ = {isa = PBXBuildFile; fileRef = 4A5F70B520B94B2200CFE35A /* Weekly.json */; };
		4A5F70B820B94BB300CFE35A /* ForecastApi+Testing.swift in Sources */ = {isa = PBXBuildFile; fileRef = 4A5F70B720B94BB300CFE35A /* ForecastApi+Testing.swift */; };
		4A5F70BA20B9701500CFE35A /* ResponseResult.swift in Sources */ = {isa = PBXBuildFile; fileRef = 4A5F70B920B9701500CFE35A /* ResponseResult.swift */; };
		4A5F70BC20B9731900CFE35A /* WeeklyItem.swift in Sources */ = {isa = PBXBuildFile; fileRef = 4A5F70BB20B9731900CFE35A /* WeeklyItem.swift */; };
		4A5F70BE20B97F7A00CFE35A /* LocationManager.swift in Sources */ = {isa = PBXBuildFile; fileRef = 4A5F70BD20B97F7900CFE35A /* LocationManager.swift */; };
		4A5F70C320BA97A800CFE35A /* TodayViewController.swift in Sources */ = {isa = PBXBuildFile; fileRef = 4A5F70C220BA97A800CFE35A /* TodayViewController.swift */; };
		4A5F70C520BA97FE00CFE35A /* TodayPresenter.swift in Sources */ = {isa = PBXBuildFile; fileRef = 4A5F70C420BA97FE00CFE35A /* TodayPresenter.swift */; };
		4A5F70C720BA981300CFE35A /* TodayInteractor.swift in Sources */ = {isa = PBXBuildFile; fileRef = 4A5F70C620BA981300CFE35A /* TodayInteractor.swift */; };
		4A5F70C920BA982600CFE35A /* TodayRouter.swift in Sources */ = {isa = PBXBuildFile; fileRef = 4A5F70C820BA982600CFE35A /* TodayRouter.swift */; };
		4A5F70CB20BA983B00CFE35A /* TodayProtocols.swift in Sources */ = {isa = PBXBuildFile; fileRef = 4A5F70CA20BA983B00CFE35A /* TodayProtocols.swift */; };
		4A5F70CD20BAA04A00CFE35A /* TodayBuilder.swift in Sources */ = {isa = PBXBuildFile; fileRef = 4A5F70CC20BAA04A00CFE35A /* TodayBuilder.swift */; };
		4A5F70D720BAB55400CFE35A /* UIStoryboard+Extension.swift in Sources */ = {isa = PBXBuildFile; fileRef = 4A5F70D620BAB55400CFE35A /* UIStoryboard+Extension.swift */; };
		4A5F70D820BAB66B00CFE35A /* WeeklyBuilder.swift in Sources */ = {isa = PBXBuildFile; fileRef = 4A5F70D020BAAE1F00CFE35A /* WeeklyBuilder.swift */; };
		4A5F70D920BAB6A700CFE35A /* WeeklyViewController.swift in Sources */ = {isa = PBXBuildFile; fileRef = 4A5F70CF20BAAE1F00CFE35A /* WeeklyViewController.swift */; };
		4A5F70DA20BAB6A900CFE35A /* WeeklyPresenter.swift in Sources */ = {isa = PBXBuildFile; fileRef = 4A5F70D120BAAE1F00CFE35A /* WeeklyPresenter.swift */; };
		4A5F70DB20BAB6AD00CFE35A /* WeeklyInteractor.swift in Sources */ = {isa = PBXBuildFile; fileRef = 4A5F70D220BAAE2000CFE35A /* WeeklyInteractor.swift */; };
		4A5F70DC20BAB6B000CFE35A /* WeeklyRouter.swift in Sources */ = {isa = PBXBuildFile; fileRef = 4A5F70D320BAAE2000CFE35A /* WeeklyRouter.swift */; };
		4A5F70DD20BAB6B300CFE35A /* WeeklyProtocols.swift in Sources */ = {isa = PBXBuildFile; fileRef = 4A5F70D420BAAE2000CFE35A /* WeeklyProtocols.swift */; };
		4A5F70E020BAB7FF00CFE35A /* TabBarBuilder.swift in Sources */ = {isa = PBXBuildFile; fileRef = 4A5F70DF20BAB7FF00CFE35A /* TabBarBuilder.swift */; };
		4A5F70E320BACD0B00CFE35A /* UIView+Extension.swift in Sources */ = {isa = PBXBuildFile; fileRef = 4A5F70E120BACD0A00CFE35A /* UIView+Extension.swift */; };
		4A5F70E420BACD0B00CFE35A /* UIViewController+Extension.swift in Sources */ = {isa = PBXBuildFile; fileRef = 4A5F70E220BACD0A00CFE35A /* UIViewController+Extension.swift */; };
		4A5F70E720BACD6C00CFE35A /* ErrorView.swift in Sources */ = {isa = PBXBuildFile; fileRef = 4A5F70E520BACD6B00CFE35A /* ErrorView.swift */; };
		4A5F70E820BACD6C00CFE35A /* ThrobberView.swift in Sources */ = {isa = PBXBuildFile; fileRef = 4A5F70E620BACD6C00CFE35A /* ThrobberView.swift */; };
		4A5F70EB20BADF5000CFE35A /* TemperaturePresentable.swift in Sources */ = {isa = PBXBuildFile; fileRef = 4A5F70EA20BADF5000CFE35A /* TemperaturePresentable.swift */; };
		4A5F70F220BAE54B00CFE35A /* WeeklyTableViewCell.swift in Sources */ = {isa = PBXBuildFile; fileRef = 4A5F70F020BAE54B00CFE35A /* WeeklyTableViewCell.swift */; };
		4A5F70F520BAEBC100CFE35A /* WeeklyCellModel.swift in Sources */ = {isa = PBXBuildFile; fileRef = 4A5F70F420BAEBC100CFE35A /* WeeklyCellModel.swift */; };
		4A68836C20BB570600E64034 /* WeatherType.swift in Sources */ = {isa = PBXBuildFile; fileRef = 4A68836B20BB570600E64034 /* WeatherType.swift */; };
		4A68836F20BB5ADF00E64034 /* TodayViewModel.swift in Sources */ = {isa = PBXBuildFile; fileRef = 4A68836E20BB5ADF00E64034 /* TodayViewModel.swift */; };
		4AFEC8CB20BB3EFF00AF8F38 /* Date+Extension.swift in Sources */ = {isa = PBXBuildFile; fileRef = 4AFEC8CA20BB3EFF00AF8F38 /* Date+Extension.swift */; };
		4AFEC8CE20BB46F100AF8F38 /* WeelkyTableViewHeader.swift in Sources */ = {isa = PBXBuildFile; fileRef = 4AFEC8CD20BB46F100AF8F38 /* WeelkyTableViewHeader.swift */; };
		4AFEC8D020BB4B6700AF8F38 /* AppearanceManager.swift in Sources */ = {isa = PBXBuildFile; fileRef = 4AFEC8CF20BB4B6700AF8F38 /* AppearanceManager.swift */; };
		614EE0B7EA6B50D7F0442D73 /* Pods_Awesome_Forecast.framework in Frameworks */ = {isa = PBXBuildFile; fileRef = 0249D71E2EA567ED88ED3A01 /* Pods_Awesome_Forecast.framework */; };
/* End PBXBuildFile section */

/* Begin PBXFileReference section */
		0249D71E2EA567ED88ED3A01 /* Pods_Awesome_Forecast.framework */ = {isa = PBXFileReference; explicitFileType = wrapper.framework; includeInIndex = 0; path = Pods_Awesome_Forecast.framework; sourceTree = BUILT_PRODUCTS_DIR; };
		3BADFF3F72D42984C7601122 /* Pods-Awesome Forecast.debug.xcconfig */ = {isa = PBXFileReference; includeInIndex = 1; lastKnownFileType = text.xcconfig; name = "Pods-Awesome Forecast.debug.xcconfig"; path = "Pods/Target Support Files/Pods-Awesome Forecast/Pods-Awesome Forecast.debug.xcconfig"; sourceTree = "<group>"; };
		4A5F708D20B7D61700CFE35A /* Awesome Forecast.app */ = {isa = PBXFileReference; explicitFileType = wrapper.application; includeInIndex = 0; path = "Awesome Forecast.app"; sourceTree = BUILT_PRODUCTS_DIR; };
		4A5F709020B7D61700CFE35A /* AppDelegate.swift */ = {isa = PBXFileReference; lastKnownFileType = sourcecode.swift; path = AppDelegate.swift; sourceTree = "<group>"; };
		4A5F709520B7D61700CFE35A /* Base */ = {isa = PBXFileReference; lastKnownFileType = file.storyboard; name = Base; path = Base.lproj/Main.storyboard; sourceTree = "<group>"; };
		4A5F709720B7D61800CFE35A /* Assets.xcassets */ = {isa = PBXFileReference; lastKnownFileType = folder.assetcatalog; path = Assets.xcassets; sourceTree = "<group>"; };
		4A5F709A20B7D61800CFE35A /* Base */ = {isa = PBXFileReference; lastKnownFileType = file.storyboard; name = Base; path = Base.lproj/LaunchScreen.storyboard; sourceTree = "<group>"; };
		4A5F709C20B7D61800CFE35A /* Info.plist */ = {isa = PBXFileReference; lastKnownFileType = text.plist.xml; path = Info.plist; sourceTree = "<group>"; };
		4A5F70A320B7DAA400CFE35A /* CurrentWeather.swift */ = {isa = PBXFileReference; lastKnownFileType = sourcecode.swift; path = CurrentWeather.swift; sourceTree = "<group>"; };
		4A5F70A520B7DE7400CFE35A /* Weather.swift */ = {isa = PBXFileReference; lastKnownFileType = sourcecode.swift; path = Weather.swift; sourceTree = "<group>"; };
		4A5F70A720B7DE9500CFE35A /* MainInfo.swift */ = {isa = PBXFileReference; lastKnownFileType = sourcecode.swift; path = MainInfo.swift; sourceTree = "<group>"; };
		4A5F70A920B7DEC100CFE35A /* Wind.swift */ = {isa = PBXFileReference; lastKnownFileType = sourcecode.swift; path = Wind.swift; sourceTree = "<group>"; };
		4A5F70AB20B7E01E00CFE35A /* WeeklyWeather.swift */ = {isa = PBXFileReference; lastKnownFileType = sourcecode.swift; path = WeeklyWeather.swift; sourceTree = "<group>"; };
		4A5F70AE20B93FA800CFE35A /* ForecastApi.swift */ = {isa = PBXFileReference; lastKnownFileType = sourcecode.swift; path = ForecastApi.swift; sourceTree = "<group>"; };
		4A5F70B020B944A300CFE35A /* NetworkManager.swift */ = {isa = PBXFileReference; lastKnownFileType = sourcecode.swift; path = NetworkManager.swift; sourceTree = "<group>"; };
		4A5F70B220B94A7000CFE35A /* Current.json */ = {isa = PBXFileReference; lastKnownFileType = text.json; path = Current.json; sourceTree = "<group>"; };
		4A5F70B520B94B2200CFE35A /* Weekly.json */ = {isa = PBXFileReference; lastKnownFileType = text.json; path = Weekly.json; sourceTree = "<group>"; };
		4A5F70B720B94BB300CFE35A /* ForecastApi+Testing.swift */ = {isa = PBXFileReference; lastKnownFileType = sourcecode.swift; path = "ForecastApi+Testing.swift"; sourceTree = "<group>"; };
		4A5F70B920B9701500CFE35A /* ResponseResult.swift */ = {isa = PBXFileReference; lastKnownFileType = sourcecode.swift; path = ResponseResult.swift; sourceTree = "<group>"; };
		4A5F70BB20B9731900CFE35A /* WeeklyItem.swift */ = {isa = PBXFileReference; lastKnownFileType = sourcecode.swift; path = WeeklyItem.swift; sourceTree = "<group>"; };
		4A5F70BD20B97F7900CFE35A /* LocationManager.swift */ = {isa = PBXFileReference; lastKnownFileType = sourcecode.swift; path = LocationManager.swift; sourceTree = "<group>"; };
		4A5F70C220BA97A800CFE35A /* TodayViewController.swift */ = {isa = PBXFileReference; lastKnownFileType = sourcecode.swift; path = TodayViewController.swift; sourceTree = "<group>"; };
		4A5F70C420BA97FE00CFE35A /* TodayPresenter.swift */ = {isa = PBXFileReference; lastKnownFileType = sourcecode.swift; path = TodayPresenter.swift; sourceTree = "<group>"; };
		4A5F70C620BA981300CFE35A /* TodayInteractor.swift */ = {isa = PBXFileReference; lastKnownFileType = sourcecode.swift; path = TodayInteractor.swift; sourceTree = "<group>"; };
		4A5F70C820BA982600CFE35A /* TodayRouter.swift */ = {isa = PBXFileReference; lastKnownFileType = sourcecode.swift; path = TodayRouter.swift; sourceTree = "<group>"; };
		4A5F70CA20BA983B00CFE35A /* TodayProtocols.swift */ = {isa = PBXFileReference; lastKnownFileType = sourcecode.swift; path = TodayProtocols.swift; sourceTree = "<group>"; };
		4A5F70CC20BAA04A00CFE35A /* TodayBuilder.swift */ = {isa = PBXFileReference; lastKnownFileType = sourcecode.swift; path = TodayBuilder.swift; sourceTree = "<group>"; };
		4A5F70CF20BAAE1F00CFE35A /* WeeklyViewController.swift */ = {isa = PBXFileReference; lastKnownFileType = sourcecode.swift; path = WeeklyViewController.swift; sourceTree = "<group>"; };
		4A5F70D020BAAE1F00CFE35A /* WeeklyBuilder.swift */ = {isa = PBXFileReference; lastKnownFileType = sourcecode.swift; path = WeeklyBuilder.swift; sourceTree = "<group>"; };
		4A5F70D120BAAE1F00CFE35A /* WeeklyPresenter.swift */ = {isa = PBXFileReference; lastKnownFileType = sourcecode.swift; path = WeeklyPresenter.swift; sourceTree = "<group>"; };
		4A5F70D220BAAE2000CFE35A /* WeeklyInteractor.swift */ = {isa = PBXFileReference; lastKnownFileType = sourcecode.swift; path = WeeklyInteractor.swift; sourceTree = "<group>"; };
		4A5F70D320BAAE2000CFE35A /* WeeklyRouter.swift */ = {isa = PBXFileReference; lastKnownFileType = sourcecode.swift; path = WeeklyRouter.swift; sourceTree = "<group>"; };
		4A5F70D420BAAE2000CFE35A /* WeeklyProtocols.swift */ = {isa = PBXFileReference; lastKnownFileType = sourcecode.swift; path = WeeklyProtocols.swift; sourceTree = "<group>"; };
		4A5F70D620BAB55400CFE35A /* UIStoryboard+Extension.swift */ = {isa = PBXFileReference; lastKnownFileType = sourcecode.swift; path = "UIStoryboard+Extension.swift"; sourceTree = "<group>"; };
		4A5F70DF20BAB7FF00CFE35A /* TabBarBuilder.swift */ = {isa = PBXFileReference; lastKnownFileType = sourcecode.swift; path = TabBarBuilder.swift; sourceTree = "<group>"; };
		4A5F70E120BACD0A00CFE35A /* UIView+Extension.swift */ = {isa = PBXFileReference; fileEncoding = 4; lastKnownFileType = sourcecode.swift; path = "UIView+Extension.swift"; sourceTree = "<group>"; };
		4A5F70E220BACD0A00CFE35A /* UIViewController+Extension.swift */ = {isa = PBXFileReference; fileEncoding = 4; lastKnownFileType = sourcecode.swift; path = "UIViewController+Extension.swift"; sourceTree = "<group>"; };
		4A5F70E520BACD6B00CFE35A /* ErrorView.swift */ = {isa = PBXFileReference; fileEncoding = 4; lastKnownFileType = sourcecode.swift; path = ErrorView.swift; sourceTree = "<group>"; };
		4A5F70E620BACD6C00CFE35A /* ThrobberView.swift */ = {isa = PBXFileReference; fileEncoding = 4; lastKnownFileType = sourcecode.swift; path = ThrobberView.swift; sourceTree = "<group>"; };
		4A5F70EA20BADF5000CFE35A /* TemperaturePresentable.swift */ = {isa = PBXFileReference; lastKnownFileType = sourcecode.swift; path = TemperaturePresentable.swift; sourceTree = "<group>"; };
		4A5F70F020BAE54B00CFE35A /* WeeklyTableViewCell.swift */ = {isa = PBXFileReference; lastKnownFileType = sourcecode.swift; path = WeeklyTableViewCell.swift; sourceTree = "<group>"; };
		4A5F70F420BAEBC100CFE35A /* WeeklyCellModel.swift */ = {isa = PBXFileReference; lastKnownFileType = sourcecode.swift; path = WeeklyCellModel.swift; sourceTree = "<group>"; };
		4A68836B20BB570600E64034 /* WeatherType.swift */ = {isa = PBXFileReference; lastKnownFileType = sourcecode.swift; path = WeatherType.swift; sourceTree = "<group>"; };
		4A68836E20BB5ADF00E64034 /* TodayViewModel.swift */ = {isa = PBXFileReference; lastKnownFileType = sourcecode.swift; path = TodayViewModel.swift; sourceTree = "<group>"; };
		4AFEC8CA20BB3EFF00AF8F38 /* Date+Extension.swift */ = {isa = PBXFileReference; lastKnownFileType = sourcecode.swift; path = "Date+Extension.swift"; sourceTree = "<group>"; };
		4AFEC8CD20BB46F100AF8F38 /* WeelkyTableViewHeader.swift */ = {isa = PBXFileReference; lastKnownFileType = sourcecode.swift; path = WeelkyTableViewHeader.swift; sourceTree = "<group>"; };
		4AFEC8CF20BB4B6700AF8F38 /* AppearanceManager.swift */ = {isa = PBXFileReference; lastKnownFileType = sourcecode.swift; path = AppearanceManager.swift; sourceTree = "<group>"; };
		90AAEF3CDFEA6207BCD6C940 /* Pods-Awesome Forecast.release.xcconfig */ = {isa = PBXFileReference; includeInIndex = 1; lastKnownFileType = text.xcconfig; name = "Pods-Awesome Forecast.release.xcconfig"; path = "Pods/Target Support Files/Pods-Awesome Forecast/Pods-Awesome Forecast.release.xcconfig"; sourceTree = "<group>"; };
/* End PBXFileReference section */

/* Begin PBXFrameworksBuildPhase section */
		4A5F708A20B7D61700CFE35A /* Frameworks */ = {
			isa = PBXFrameworksBuildPhase;
			buildActionMask = 2147483647;
			files = (
				614EE0B7EA6B50D7F0442D73 /* Pods_Awesome_Forecast.framework in Frameworks */,
			);
			runOnlyForDeploymentPostprocessing = 0;
		};
/* End PBXFrameworksBuildPhase section */

/* Begin PBXGroup section */
		34A41C50C1E185574B616597 /* Pods */ = {
			isa = PBXGroup;
			children = (
				3BADFF3F72D42984C7601122 /* Pods-Awesome Forecast.debug.xcconfig */,
				90AAEF3CDFEA6207BCD6C940 /* Pods-Awesome Forecast.release.xcconfig */,
			);
			name = Pods;
			sourceTree = "<group>";
		};
		4A5F708420B7D61700CFE35A = {
			isa = PBXGroup;
			children = (
				4A5F708F20B7D61700CFE35A /* Awesome Forecast */,
				4A5F708E20B7D61700CFE35A /* Products */,
				34A41C50C1E185574B616597 /* Pods */,
				E26FB847A01862DE86C85944 /* Frameworks */,
			);
			sourceTree = "<group>";
		};
		4A5F708E20B7D61700CFE35A /* Products */ = {
			isa = PBXGroup;
			children = (
				4A5F708D20B7D61700CFE35A /* Awesome Forecast.app */,
			);
			name = Products;
			sourceTree = "<group>";
		};
		4A5F708F20B7D61700CFE35A /* Awesome Forecast */ = {
			isa = PBXGroup;
			children = (
				4A5F70C020BA976B00CFE35A /* Modules */,
				4A5F70A220B7DA1300CFE35A /* Models */,
				4A5F70DE20BAB7E800CFE35A /* TabBarBuilder */,
				4A5F70BF20B9933000CFE35A /* Location */,
				4A5F70AD20B93F6900CFE35A /* Network */,
				4A5F70D520BAB53D00CFE35A /* Extensions */,
				4A5F70EC20BAE12D00CFE35A /* CommonViews */,
				4A5F70E920BADF3700CFE35A /* Utils */,
				4A5F709020B7D61700CFE35A /* AppDelegate.swift */,
				4A5F709420B7D61700CFE35A /* Main.storyboard */,
				4A5F709720B7D61800CFE35A /* Assets.xcassets */,
				4A5F709920B7D61800CFE35A /* LaunchScreen.storyboard */,
				4A5F709C20B7D61800CFE35A /* Info.plist */,
			);
			path = "Awesome Forecast";
			sourceTree = "<group>";
		};
		4A5F70A220B7DA1300CFE35A /* Models */ = {
			isa = PBXGroup;
			children = (
				4A5F70AB20B7E01E00CFE35A /* WeeklyWeather.swift */,
				4A5F70BB20B9731900CFE35A /* WeeklyItem.swift */,
				4A5F70A320B7DAA400CFE35A /* CurrentWeather.swift */,
				4A5F70A520B7DE7400CFE35A /* Weather.swift */,
				4A5F70A720B7DE9500CFE35A /* MainInfo.swift */,
				4A5F70A920B7DEC100CFE35A /* Wind.swift */,
				4A68836B20BB570600E64034 /* WeatherType.swift */,
			);
			path = Models;
			sourceTree = "<group>";
		};
		4A5F70AD20B93F6900CFE35A /* Network */ = {
			isa = PBXGroup;
			children = (
				4A5F70B020B944A300CFE35A /* NetworkManager.swift */,
				4A5F70AE20B93FA800CFE35A /* ForecastApi.swift */,
				4A5F70B720B94BB300CFE35A /* ForecastApi+Testing.swift */,
				4A5F70B920B9701500CFE35A /* ResponseResult.swift */,
				4A5F70B420B94A7B00CFE35A /* StubbedResponses */,
			);
			path = Network;
			sourceTree = "<group>";
		};
		4A5F70B420B94A7B00CFE35A /* StubbedResponses */ = {
			isa = PBXGroup;
			children = (
				4A5F70B220B94A7000CFE35A /* Current.json */,
				4A5F70B520B94B2200CFE35A /* Weekly.json */,
			);
			path = StubbedResponses;
			sourceTree = "<group>";
		};
		4A5F70BF20B9933000CFE35A /* Location */ = {
			isa = PBXGroup;
			children = (
				4A5F70BD20B97F7900CFE35A /* LocationManager.swift */,
			);
			path = Location;
			sourceTree = "<group>";
		};
		4A5F70C020BA976B00CFE35A /* Modules */ = {
			isa = PBXGroup;
			children = (
				4A5F70C120BA977B00CFE35A /* TodayModule */,
				4A5F70CE20BAADFF00CFE35A /* WeeklyModule */,
			);
			path = Modules;
			sourceTree = "<group>";
		};
		4A5F70C120BA977B00CFE35A /* TodayModule */ = {
			isa = PBXGroup;
			children = (
				4A68836D20BB5AC200E64034 /* TodayViewModel */,
				4A5F70C220BA97A800CFE35A /* TodayViewController.swift */,
				4A5F70C420BA97FE00CFE35A /* TodayPresenter.swift */,
				4A5F70C620BA981300CFE35A /* TodayInteractor.swift */,
				4A5F70C820BA982600CFE35A /* TodayRouter.swift */,
				4A5F70CA20BA983B00CFE35A /* TodayProtocols.swift */,
				4A5F70CC20BAA04A00CFE35A /* TodayBuilder.swift */,
			);
			path = TodayModule;
			sourceTree = "<group>";
		};
		4A5F70CE20BAADFF00CFE35A /* WeeklyModule */ = {
			isa = PBXGroup;
			children = (
				4AFEC8CC20BB46E100AF8F38 /* WeelkyTableViewHeader */,
				4A5F70ED20BAE4AB00CFE35A /* WeeklyTableViewCell */,
				4A5F70CF20BAAE1F00CFE35A /* WeeklyViewController.swift */,
				4A5F70D120BAAE1F00CFE35A /* WeeklyPresenter.swift */,
				4A5F70D220BAAE2000CFE35A /* WeeklyInteractor.swift */,
				4A5F70D320BAAE2000CFE35A /* WeeklyRouter.swift */,
				4A5F70D420BAAE2000CFE35A /* WeeklyProtocols.swift */,
				4A5F70D020BAAE1F00CFE35A /* WeeklyBuilder.swift */,
			);
			path = WeeklyModule;
			sourceTree = "<group>";
		};
		4A5F70D520BAB53D00CFE35A /* Extensions */ = {
			isa = PBXGroup;
			children = (
				4A5F70D620BAB55400CFE35A /* UIStoryboard+Extension.swift */,
				4A5F70E120BACD0A00CFE35A /* UIView+Extension.swift */,
				4A5F70E220BACD0A00CFE35A /* UIViewController+Extension.swift */,
				4AFEC8CA20BB3EFF00AF8F38 /* Date+Extension.swift */,
			);
			path = Extensions;
			sourceTree = "<group>";
		};
		4A5F70DE20BAB7E800CFE35A /* TabBarBuilder */ = {
			isa = PBXGroup;
			children = (
				4A5F70DF20BAB7FF00CFE35A /* TabBarBuilder.swift */,
			);
			path = TabBarBuilder;
			sourceTree = "<group>";
		};
		4A5F70E920BADF3700CFE35A /* Utils */ = {
			isa = PBXGroup;
			children = (
				4AFEC8CF20BB4B6700AF8F38 /* AppearanceManager.swift */,
				4A5F70EA20BADF5000CFE35A /* TemperaturePresentable.swift */,
			);
			path = Utils;
			sourceTree = "<group>";
		};
		4A5F70EC20BAE12D00CFE35A /* CommonViews */ = {
			isa = PBXGroup;
			children = (
				4A5F70E520BACD6B00CFE35A /* ErrorView.swift */,
				4A5F70E620BACD6C00CFE35A /* ThrobberView.swift */,
			);
			path = CommonViews;
			sourceTree = "<group>";
		};
		4A5F70ED20BAE4AB00CFE35A /* WeeklyTableViewCell */ = {
			isa = PBXGroup;
			children = (
				4A5F70F020BAE54B00CFE35A /* WeeklyTableViewCell.swift */,
				4A5F70F420BAEBC100CFE35A /* WeeklyCellModel.swift */,
			);
			path = WeeklyTableViewCell;
			sourceTree = "<group>";
		};
		4A68836D20BB5AC200E64034 /* TodayViewModel */ = {
			isa = PBXGroup;
			children = (
				4A68836E20BB5ADF00E64034 /* TodayViewModel.swift */,
			);
			path = TodayViewModel;
			sourceTree = "<group>";
		};
		4AFEC8CC20BB46E100AF8F38 /* WeelkyTableViewHeader */ = {
			isa = PBXGroup;
			children = (
				4AFEC8CD20BB46F100AF8F38 /* WeelkyTableViewHeader.swift */,
			);
			path = WeelkyTableViewHeader;
			sourceTree = "<group>";
		};
		E26FB847A01862DE86C85944 /* Frameworks */ = {
			isa = PBXGroup;
			children = (
				0249D71E2EA567ED88ED3A01 /* Pods_Awesome_Forecast.framework */,
			);
			name = Frameworks;
			sourceTree = "<group>";
		};
/* End PBXGroup section */

/* Begin PBXNativeTarget section */
		4A5F708C20B7D61700CFE35A /* Awesome Forecast */ = {
			isa = PBXNativeTarget;
			buildConfigurationList = 4A5F709F20B7D61900CFE35A /* Build configuration list for PBXNativeTarget "Awesome Forecast" */;
			buildPhases = (
				FEEF7A62A57823E0A2784D1C /* [CP] Check Pods Manifest.lock */,
				4A5F708920B7D61700CFE35A /* Sources */,
				4A5F708A20B7D61700CFE35A /* Frameworks */,
				4A5F708B20B7D61700CFE35A /* Resources */,
				5C770A46EA9EC72354F6E249 /* [CP] Embed Pods Frameworks */,
			);
			buildRules = (
			);
			dependencies = (
			);
			name = "Awesome Forecast";
			productName = "Awesome Forecast";
			productReference = 4A5F708D20B7D61700CFE35A /* Awesome Forecast.app */;
			productType = "com.apple.product-type.application";
		};
/* End PBXNativeTarget section */

/* Begin PBXProject section */
		4A5F708520B7D61700CFE35A /* Project object */ = {
			isa = PBXProject;
			attributes = {
				LastSwiftUpdateCheck = 0930;
				LastUpgradeCheck = 0930;
				ORGANIZATIONNAME = Home;
				TargetAttributes = {
					4A5F708C20B7D61700CFE35A = {
						CreatedOnToolsVersion = 9.3;
					};
				};
			};
			buildConfigurationList = 4A5F708820B7D61700CFE35A /* Build configuration list for PBXProject "Awesome Forecast" */;
			compatibilityVersion = "Xcode 9.3";
			developmentRegion = en;
			hasScannedForEncodings = 0;
			knownRegions = (
				en,
				Base,
			);
			mainGroup = 4A5F708420B7D61700CFE35A;
			productRefGroup = 4A5F708E20B7D61700CFE35A /* Products */;
			projectDirPath = "";
			projectRoot = "";
			targets = (
				4A5F708C20B7D61700CFE35A /* Awesome Forecast */,
			);
		};
/* End PBXProject section */

/* Begin PBXResourcesBuildPhase section */
		4A5F708B20B7D61700CFE35A /* Resources */ = {
			isa = PBXResourcesBuildPhase;
			buildActionMask = 2147483647;
			files = (
				4A5F709B20B7D61800CFE35A /* LaunchScreen.storyboard in Resources */,
				4A5F709820B7D61800CFE35A /* Assets.xcassets in Resources */,
				4A5F70B620B94B2200CFE35A /* Weekly.json in Resources */,
				4A5F709620B7D61700CFE35A /* Main.storyboard in Resources */,
				4A5F70B320B94A7000CFE35A /* Current.json in Resources */,
			);
			runOnlyForDeploymentPostprocessing = 0;
		};
/* End PBXResourcesBuildPhase section */

/* Begin PBXShellScriptBuildPhase section */
		5C770A46EA9EC72354F6E249 /* [CP] Embed Pods Frameworks */ = {
			isa = PBXShellScriptBuildPhase;
			buildActionMask = 2147483647;
			files = (
			);
			inputPaths = (
				"${SRCROOT}/Pods/Target Support Files/Pods-Awesome Forecast/Pods-Awesome Forecast-frameworks.sh",
				"${BUILT_PRODUCTS_DIR}/Alamofire/Alamofire.framework",
				"${BUILT_PRODUCTS_DIR}/Moya/Moya.framework",
				"${BUILT_PRODUCTS_DIR}/Result/Result.framework",
			);
			name = "[CP] Embed Pods Frameworks";
			outputPaths = (
				"${TARGET_BUILD_DIR}/${FRAMEWORKS_FOLDER_PATH}/Alamofire.framework",
				"${TARGET_BUILD_DIR}/${FRAMEWORKS_FOLDER_PATH}/Moya.framework",
				"${TARGET_BUILD_DIR}/${FRAMEWORKS_FOLDER_PATH}/Result.framework",
			);
			runOnlyForDeploymentPostprocessing = 0;
			shellPath = /bin/sh;
			shellScript = "\"${SRCROOT}/Pods/Target Support Files/Pods-Awesome Forecast/Pods-Awesome Forecast-frameworks.sh\"\n";
			showEnvVarsInLog = 0;
		};
		FEEF7A62A57823E0A2784D1C /* [CP] Check Pods Manifest.lock */ = {
			isa = PBXShellScriptBuildPhase;
			buildActionMask = 2147483647;
			files = (
			);
			inputPaths = (
				"${PODS_PODFILE_DIR_PATH}/Podfile.lock",
				"${PODS_ROOT}/Manifest.lock",
			);
			name = "[CP] Check Pods Manifest.lock";
			outputPaths = (
				"$(DERIVED_FILE_DIR)/Pods-Awesome Forecast-checkManifestLockResult.txt",
			);
			runOnlyForDeploymentPostprocessing = 0;
			shellPath = /bin/sh;
			shellScript = "diff \"${PODS_PODFILE_DIR_PATH}/Podfile.lock\" \"${PODS_ROOT}/Manifest.lock\" > /dev/null\nif [ $? != 0 ] ; then\n    # print error to STDERR\n    echo \"error: The sandbox is not in sync with the Podfile.lock. Run 'pod install' or update your CocoaPods installation.\" >&2\n    exit 1\nfi\n# This output is used by Xcode 'outputs' to avoid re-running this script phase.\necho \"SUCCESS\" > \"${SCRIPT_OUTPUT_FILE_0}\"\n";
			showEnvVarsInLog = 0;
		};
/* End PBXShellScriptBuildPhase section */

/* Begin PBXSourcesBuildPhase section */
		4A5F708920B7D61700CFE35A /* Sources */ = {
			isa = PBXSourcesBuildPhase;
			buildActionMask = 2147483647;
			files = (
				4A5F70D920BAB6A700CFE35A /* WeeklyViewController.swift in Sources */,
				4A5F70B120B944A300CFE35A /* NetworkManager.swift in Sources */,
				4A5F70E820BACD6C00CFE35A /* ThrobberView.swift in Sources */,
				4A5F70D720BAB55400CFE35A /* UIStoryboard+Extension.swift in Sources */,
				4A5F70D820BAB66B00CFE35A /* WeeklyBuilder.swift in Sources */,
				4A5F70E420BACD0B00CFE35A /* UIViewController+Extension.swift in Sources */,
				4A5F70E720BACD6C00CFE35A /* ErrorView.swift in Sources */,
				4A5F70EB20BADF5000CFE35A /* TemperaturePresentable.swift in Sources */,
				4A68836C20BB570600E64034 /* WeatherType.swift in Sources */,
				4A5F70F220BAE54B00CFE35A /* WeeklyTableViewCell.swift in Sources */,
				4AFEC8CB20BB3EFF00AF8F38 /* Date+Extension.swift in Sources */,
				4A5F70CD20BAA04A00CFE35A /* TodayBuilder.swift in Sources */,
				4A5F70A820B7DE9500CFE35A /* MainInfo.swift in Sources */,
				4A5F70A620B7DE7400CFE35A /* Weather.swift in Sources */,
				4AFEC8D020BB4B6700AF8F38 /* AppearanceManager.swift in Sources */,
				4A5F70E020BAB7FF00CFE35A /* TabBarBuilder.swift in Sources */,
				4A5F70DA20BAB6A900CFE35A /* WeeklyPresenter.swift in Sources */,
				4A5F70C720BA981300CFE35A /* TodayInteractor.swift in Sources */,
				4A5F70A420B7DAA400CFE35A /* CurrentWeather.swift in Sources */,
				4A5F70C520BA97FE00CFE35A /* TodayPresenter.swift in Sources */,
				4A68836F20BB5ADF00E64034 /* TodayViewModel.swift in Sources */,
				4A5F70E320BACD0B00CFE35A /* UIView+Extension.swift in Sources */,
				4AFEC8CE20BB46F100AF8F38 /* WeelkyTableViewHeader.swift in Sources */,
				4A5F70AC20B7E01E00CFE35A /* WeeklyWeather.swift in Sources */,
				4A5F70B820B94BB300CFE35A /* ForecastApi+Testing.swift in Sources */,
				4A5F70BC20B9731900CFE35A /* WeeklyItem.swift in Sources */,
				4A5F70DB20BAB6AD00CFE35A /* WeeklyInteractor.swift in Sources */,
				4A5F70C320BA97A800CFE35A /* TodayViewController.swift in Sources */,
				4A5F70CB20BA983B00CFE35A /* TodayProtocols.swift in Sources */,
				4A5F70AF20B93FA800CFE35A /* ForecastApi.swift in Sources */,
				4A5F709120B7D61700CFE35A /* AppDelegate.swift in Sources */,
				4A5F70BA20B9701500CFE35A /* ResponseResult.swift in Sources */,
				4A5F70AA20B7DEC100CFE35A /* Wind.swift in Sources */,
				4A5F70DD20BAB6B300CFE35A /* WeeklyProtocols.swift in Sources */,
				4A5F70C920BA982600CFE35A /* TodayRouter.swift in Sources */,
				4A5F70BE20B97F7A00CFE35A /* LocationManager.swift in Sources */,
				4A5F70F520BAEBC100CFE35A /* WeeklyCellModel.swift in Sources */,
				4A5F70DC20BAB6B000CFE35A /* WeeklyRouter.swift in Sources */,
			);
			runOnlyForDeploymentPostprocessing = 0;
		};
/* End PBXSourcesBuildPhase section */

/* Begin PBXVariantGroup section */
		4A5F709420B7D61700CFE35A /* Main.storyboard */ = {
			isa = PBXVariantGroup;
			children = (
				4A5F709520B7D61700CFE35A /* Base */,
			);
			name = Main.storyboard;
			sourceTree = "<group>";
		};
		4A5F709920B7D61800CFE35A /* LaunchScreen.storyboard */ = {
			isa = PBXVariantGroup;
			children = (
				4A5F709A20B7D61800CFE35A /* Base */,
			);
			name = LaunchScreen.storyboard;
			sourceTree = "<group>";
		};
/* End PBXVariantGroup section */

/* Begin XCBuildConfiguration section */
		4A5F709D20B7D61900CFE35A /* Debug */ = {
			isa = XCBuildConfiguration;
			buildSettings = {
				ALWAYS_SEARCH_USER_PATHS = NO;
				CLANG_ANALYZER_NONNULL = YES;
				CLANG_ANALYZER_NUMBER_OBJECT_CONVERSION = YES_AGGRESSIVE;
				CLANG_CXX_LANGUAGE_STANDARD = "gnu++14";
				CLANG_CXX_LIBRARY = "libc++";
				CLANG_ENABLE_MODULES = YES;
				CLANG_ENABLE_OBJC_ARC = YES;
				CLANG_ENABLE_OBJC_WEAK = YES;
				CLANG_WARN_BLOCK_CAPTURE_AUTORELEASING = YES;
				CLANG_WARN_BOOL_CONVERSION = YES;
				CLANG_WARN_COMMA = YES;
				CLANG_WARN_CONSTANT_CONVERSION = YES;
				CLANG_WARN_DEPRECATED_OBJC_IMPLEMENTATIONS = YES;
				CLANG_WARN_DIRECT_OBJC_ISA_USAGE = YES_ERROR;
				CLANG_WARN_DOCUMENTATION_COMMENTS = YES;
				CLANG_WARN_EMPTY_BODY = YES;
				CLANG_WARN_ENUM_CONVERSION = YES;
				CLANG_WARN_INFINITE_RECURSION = YES;
				CLANG_WARN_INT_CONVERSION = YES;
				CLANG_WARN_NON_LITERAL_NULL_CONVERSION = YES;
				CLANG_WARN_OBJC_IMPLICIT_RETAIN_SELF = YES;
				CLANG_WARN_OBJC_LITERAL_CONVERSION = YES;
				CLANG_WARN_OBJC_ROOT_CLASS = YES_ERROR;
				CLANG_WARN_RANGE_LOOP_ANALYSIS = YES;
				CLANG_WARN_STRICT_PROTOTYPES = YES;
				CLANG_WARN_SUSPICIOUS_MOVE = YES;
				CLANG_WARN_UNGUARDED_AVAILABILITY = YES_AGGRESSIVE;
				CLANG_WARN_UNREACHABLE_CODE = YES;
				CLANG_WARN__DUPLICATE_METHOD_MATCH = YES;
				CODE_SIGN_IDENTITY = "iPhone Developer";
				COPY_PHASE_STRIP = NO;
				DEBUG_INFORMATION_FORMAT = dwarf;
				ENABLE_STRICT_OBJC_MSGSEND = YES;
				ENABLE_TESTABILITY = YES;
				GCC_C_LANGUAGE_STANDARD = gnu11;
				GCC_DYNAMIC_NO_PIC = NO;
				GCC_NO_COMMON_BLOCKS = YES;
				GCC_OPTIMIZATION_LEVEL = 0;
				GCC_PREPROCESSOR_DEFINITIONS = (
					"DEBUG=1",
					"$(inherited)",
				);
				GCC_WARN_64_TO_32_BIT_CONVERSION = YES;
				GCC_WARN_ABOUT_RETURN_TYPE = YES_ERROR;
				GCC_WARN_UNDECLARED_SELECTOR = YES;
				GCC_WARN_UNINITIALIZED_AUTOS = YES_AGGRESSIVE;
				GCC_WARN_UNUSED_FUNCTION = YES;
				GCC_WARN_UNUSED_VARIABLE = YES;
				IPHONEOS_DEPLOYMENT_TARGET = 11.3;
				MTL_ENABLE_DEBUG_INFO = YES;
				ONLY_ACTIVE_ARCH = YES;
				SDKROOT = iphoneos;
				SWIFT_ACTIVE_COMPILATION_CONDITIONS = DEBUG;
				SWIFT_OPTIMIZATION_LEVEL = "-Onone";
			};
			name = Debug;
		};
		4A5F709E20B7D61900CFE35A /* Release */ = {
			isa = XCBuildConfiguration;
			buildSettings = {
				ALWAYS_SEARCH_USER_PATHS = NO;
				CLANG_ANALYZER_NONNULL = YES;
				CLANG_ANALYZER_NUMBER_OBJECT_CONVERSION = YES_AGGRESSIVE;
				CLANG_CXX_LANGUAGE_STANDARD = "gnu++14";
				CLANG_CXX_LIBRARY = "libc++";
				CLANG_ENABLE_MODULES = YES;
				CLANG_ENABLE_OBJC_ARC = YES;
				CLANG_ENABLE_OBJC_WEAK = YES;
				CLANG_WARN_BLOCK_CAPTURE_AUTORELEASING = YES;
				CLANG_WARN_BOOL_CONVERSION = YES;
				CLANG_WARN_COMMA = YES;
				CLANG_WARN_CONSTANT_CONVERSION = YES;
				CLANG_WARN_DEPRECATED_OBJC_IMPLEMENTATIONS = YES;
				CLANG_WARN_DIRECT_OBJC_ISA_USAGE = YES_ERROR;
				CLANG_WARN_DOCUMENTATION_COMMENTS = YES;
				CLANG_WARN_EMPTY_BODY = YES;
				CLANG_WARN_ENUM_CONVERSION = YES;
				CLANG_WARN_INFINITE_RECURSION = YES;
				CLANG_WARN_INT_CONVERSION = YES;
				CLANG_WARN_NON_LITERAL_NULL_CONVERSION = YES;
				CLANG_WARN_OBJC_IMPLICIT_RETAIN_SELF = YES;
				CLANG_WARN_OBJC_LITERAL_CONVERSION = YES;
				CLANG_WARN_OBJC_ROOT_CLASS = YES_ERROR;
				CLANG_WARN_RANGE_LOOP_ANALYSIS = YES;
				CLANG_WARN_STRICT_PROTOTYPES = YES;
				CLANG_WARN_SUSPICIOUS_MOVE = YES;
				CLANG_WARN_UNGUARDED_AVAILABILITY = YES_AGGRESSIVE;
				CLANG_WARN_UNREACHABLE_CODE = YES;
				CLANG_WARN__DUPLICATE_METHOD_MATCH = YES;
				CODE_SIGN_IDENTITY = "iPhone Developer";
				COPY_PHASE_STRIP = NO;
				DEBUG_INFORMATION_FORMAT = "dwarf-with-dsym";
				ENABLE_NS_ASSERTIONS = NO;
				ENABLE_STRICT_OBJC_MSGSEND = YES;
				GCC_C_LANGUAGE_STANDARD = gnu11;
				GCC_NO_COMMON_BLOCKS = YES;
				GCC_WARN_64_TO_32_BIT_CONVERSION = YES;
				GCC_WARN_ABOUT_RETURN_TYPE = YES_ERROR;
				GCC_WARN_UNDECLARED_SELECTOR = YES;
				GCC_WARN_UNINITIALIZED_AUTOS = YES_AGGRESSIVE;
				GCC_WARN_UNUSED_FUNCTION = YES;
				GCC_WARN_UNUSED_VARIABLE = YES;
				IPHONEOS_DEPLOYMENT_TARGET = 11.3;
				MTL_ENABLE_DEBUG_INFO = NO;
				SDKROOT = iphoneos;
				SWIFT_COMPILATION_MODE = wholemodule;
				SWIFT_OPTIMIZATION_LEVEL = "-O";
				VALIDATE_PRODUCT = YES;
			};
			name = Release;
		};
		4A5F70A020B7D61900CFE35A /* Debug */ = {
			isa = XCBuildConfiguration;
			baseConfigurationReference = 3BADFF3F72D42984C7601122 /* Pods-Awesome Forecast.debug.xcconfig */;
			buildSettings = {
				ASSETCATALOG_COMPILER_APPICON_NAME = AppIcon;
				CODE_SIGN_STYLE = Automatic;
				DEVELOPMENT_TEAM = UER9S2EB72;
				INFOPLIST_FILE = "Awesome Forecast/Info.plist";
				LD_RUNPATH_SEARCH_PATHS = (
					"$(inherited)",
					"@executable_path/Frameworks",
				);
				PRODUCT_BUNDLE_IDENTIFIER = "com.home.Awesome-Forecast";
				PRODUCT_NAME = "$(TARGET_NAME)";
				SWIFT_VERSION = 4.0;
				TARGETED_DEVICE_FAMILY = "1,2";
			};
			name = Debug;
		};
		4A5F70A120B7D61900CFE35A /* Release */ = {
			isa = XCBuildConfiguration;
			baseConfigurationReference = 90AAEF3CDFEA6207BCD6C940 /* Pods-Awesome Forecast.release.xcconfig */;
			buildSettings = {
				ASSETCATALOG_COMPILER_APPICON_NAME = AppIcon;
				CODE_SIGN_STYLE = Automatic;
				DEVELOPMENT_TEAM = UER9S2EB72;
				INFOPLIST_FILE = "Awesome Forecast/Info.plist";
				LD_RUNPATH_SEARCH_PATHS = (
					"$(inherited)",
					"@executable_path/Frameworks",
				);
				PRODUCT_BUNDLE_IDENTIFIER = "com.home.Awesome-Forecast";
				PRODUCT_NAME = "$(TARGET_NAME)";
				SWIFT_VERSION = 4.0;
				TARGETED_DEVICE_FAMILY = "1,2";
			};
			name = Release;
		};
/* End XCBuildConfiguration section */

/* Begin XCConfigurationList section */
		4A5F708820B7D61700CFE35A /* Build configuration list for PBXProject "Awesome Forecast" */ = {
			isa = XCConfigurationList;
			buildConfigurations = (
				4A5F709D20B7D61900CFE35A /* Debug */,
				4A5F709E20B7D61900CFE35A /* Release */,
			);
			defaultConfigurationIsVisible = 0;
			defaultConfigurationName = Release;
		};
		4A5F709F20B7D61900CFE35A /* Build configuration list for PBXNativeTarget "Awesome Forecast" */ = {
			isa = XCConfigurationList;
			buildConfigurations = (
				4A5F70A020B7D61900CFE35A /* Debug */,
				4A5F70A120B7D61900CFE35A /* Release */,
			);
			defaultConfigurationIsVisible = 0;
			defaultConfigurationName = Release;
		};
/* End XCConfigurationList section */
	};
	rootObject = 4A5F708520B7D61700CFE35A /* Project object */;
}
